
Microsoft Visual Studio Solution File, Format Version 12.00
# Visual Studio Version 16
VisualStudioVersion = 16.0.31112.23
MinimumVisualStudioVersion = 10.0.40219.1
Project("{9A19103F-16F7-4668-BE54-9A1E7A4F7556}") = "EasyWallet.Entries.Api", "EasyWallet.Entries.Api\EasyWallet.Entries.Api.csproj", "{9427DFE9-F4BC-4653-833C-1EFABD322BC0}"
EndProject
Project("{9A19103F-16F7-4668-BE54-9A1E7A4F7556}") = "EasyWallet.Entries.Business", "EasyWallet.Entries.Business\EasyWallet.Entries.Business.csproj", "{AEDDCAB5-846E-4E35-A48C-7378CCCA3F52}"
EndProject
Project("{FAE04EC0-301F-11D3-BF4B-00C04F79EFBC}") = "EasyWallet.Entries.Data", "EasyWallet.Entries.Data\EasyWallet.Entries.Data.csproj", "{2D2CA7B5-FE14-4D93-9DAE-F4ED801D56F0}"
EndProject
Global
	GlobalSection(SolutionConfigurationPlatforms) = preSolution
		Debug|Any CPU = Debug|Any CPU
		Release|Any CPU = Release|Any CPU
	EndGlobalSection
	GlobalSection(ProjectConfigurationPlatforms) = postSolution
		{9427DFE9-F4BC-4653-833C-1EFABD322BC0}.Debug|Any CPU.ActiveCfg = Debug|Any CPU
		{9427DFE9-F4BC-4653-833C-1EFABD322BC0}.Debug|Any CPU.Build.0 = Debug|Any CPU
		{9427DFE9-F4BC-4653-833C-1EFABD322BC0}.Release|Any CPU.ActiveCfg = Release|Any CPU
		{9427DFE9-F4BC-4653-833C-1EFABD322BC0}.Release|Any CPU.Build.0 = Release|Any CPU
		{AEDDCAB5-846E-4E35-A48C-7378CCCA3F52}.Debug|Any CPU.ActiveCfg = Debug|Any CPU
		{AEDDCAB5-846E-4E35-A48C-7378CCCA3F52}.Debug|Any CPU.Build.0 = Debug|Any CPU
		{AEDDCAB5-846E-4E35-A48C-7378CCCA3F52}.Release|Any CPU.ActiveCfg = Release|Any CPU
		{AEDDCAB5-846E-4E35-A48C-7378CCCA3F52}.Release|Any CPU.Build.0 = Release|Any CPU
		{2D2CA7B5-FE14-4D93-9DAE-F4ED801D56F0}.Debug|Any CPU.ActiveCfg = Debug|Any CPU
		{2D2CA7B5-FE14-4D93-9DAE-F4ED801D56F0}.Debug|Any CPU.Build.0 = Debug|Any CPU
		{2D2CA7B5-FE14-4D93-9DAE-F4ED801D56F0}.Release|Any CPU.ActiveCfg = Release|Any CPU
		{2D2CA7B5-FE14-4D93-9DAE-F4ED801D56F0}.Release|Any CPU.Build.0 = Release|Any CPU
	EndGlobalSection
	GlobalSection(SolutionProperties) = preSolution
		HideSolutionNode = FALSE
	EndGlobalSection
	GlobalSection(ExtensibilityGlobals) = postSolution
		SolutionGuid = {39C1F686-47E0-4114-82FA-A945B4A45646}
	EndGlobalSection
EndGlobal
